{
  "name": "ts-mern-chadthai",
  "lockfileVersion": 3,
  "requires": true,
  "packages": {
    "": {
      "dependencies": {
        "@paypal/sdk-client": "^4.0.184"
      }
    },
    "node_modules/@krakenjs/beaver-logger": {
      "version": "5.7.0",
      "resolved": "https://registry.npmjs.org/@krakenjs/beaver-logger/-/beaver-logger-5.7.0.tgz",
      "integrity": "sha512-iVoMEbMCyJ/MVOj06/bct+dYUMCrJFxzgY4yAYC7DgIBxPP9Ek2L+ZAGZfS2w56RYbrgRPr6zVbu7iZYUHXE+A==",
      "dependencies": {
        "@krakenjs/belter": "^2.0.0",
        "@krakenjs/cross-domain-utils": "^3.0.0",
        "@krakenjs/zalgo-promise": "^2.0.0"
      }
    },
    "node_modules/@krakenjs/belter": {
      "version": "2.5.0",
      "resolved": "https://registry.npmjs.org/@krakenjs/belter/-/belter-2.5.0.tgz",
      "integrity": "sha512-c+vOJr5ojEPsH7s28XRLNkUamaXsnyM1Fs7PaYM9tUMnMUILnZ2a3jnOmXZwHYpT0eAciRHddX1333OlCR2e7Q==",
      "dependencies": {
        "@krakenjs/cross-domain-safe-weakmap": "^2.0.2",
        "@krakenjs/cross-domain-utils": "^3.0.2",
        "@krakenjs/zalgo-promise": "^2.0.0"
      }
    },
    "node_modules/@krakenjs/cross-domain-safe-weakmap": {
      "version": "2.0.3",
      "resolved": "https://registry.npmjs.org/@krakenjs/cross-domain-safe-weakmap/-/cross-domain-safe-weakmap-2.0.3.tgz",
      "integrity": "sha512-WsGi6347ddZ9Y0HoBuTYCX2QTAHxYVaUs2T/0n8XJKXZOEJPnLWlW6eYAOgyyuUsYusWMAkYv00fvfxAlTU8/w==",
      "dependencies": {
        "@krakenjs/cross-domain-utils": "^3.0.2"
      }
    },
    "node_modules/@krakenjs/cross-domain-utils": {
      "version": "3.1.0",
      "resolved": "https://registry.npmjs.org/@krakenjs/cross-domain-utils/-/cross-domain-utils-3.1.0.tgz",
      "integrity": "sha512-if+mVTg56ZyLt8wn3ZbTw0IzNjbQvvj5X7lfcBlVfYdZ93TXgHa6Rt9nqdm1rZmvqb8Ct6L29Bp7SNC3xzLfUw=="
    },
    "node_modules/@krakenjs/jsx-pragmatic": {
      "version": "3.0.0",
      "resolved": "https://registry.npmjs.org/@krakenjs/jsx-pragmatic/-/jsx-pragmatic-3.0.0.tgz",
      "integrity": "sha512-mCFV7cuT9bhOip42nvoG5REjzKGGQrJfKbtcjBvF6yFHPpuQK2+tDKtCB6T3IJgFNaFVkCEuSmFTUYvvSpbNcA=="
    },
    "node_modules/@krakenjs/zalgo-promise": {
      "version": "2.0.1",
      "resolved": "https://registry.npmjs.org/@krakenjs/zalgo-promise/-/zalgo-promise-2.0.1.tgz",
      "integrity": "sha512-n30eknZjD7z8/joFqjI8FIDZ0yJPZHcQBce1B3tAumwNZL0C42Ta/w37MfthxHV61JHEFGfy7b727h/kzagJDA=="
    },
    "node_modules/@paypal/sdk-client": {
      "version": "4.0.184",
      "resolved": "https://registry.npmjs.org/@paypal/sdk-client/-/sdk-client-4.0.184.tgz",
      "integrity": "sha512-6NeL3CbXPuR9hNl0jENuOsfRp5ybrNEoI3s2oklR8OpxXxYb1ivyDgjIzd8px5/NHxMxmXu87jLbEelH3tGkLg==",
      "dependencies": {
        "@krakenjs/beaver-logger": "^5.0.0",
        "@krakenjs/belter": "^2.0.0",
        "@krakenjs/cross-domain-utils": "^3.0.2",
        "@krakenjs/jsx-pragmatic": "^3.0.0",
        "@krakenjs/zalgo-promise": "^2.0.0",
        "@paypal/sdk-constants": "^1.0.143",
        "bowser": "^2.0.0"
      }
    },
    "node_modules/@paypal/sdk-constants": {
      "version": "1.0.143",
      "resolved": "https://registry.npmjs.org/@paypal/sdk-constants/-/sdk-constants-1.0.143.tgz",
      "integrity": "sha512-vnnf0yG4Qg1EehqZYsANsyWHAHgzmuex6XY/Mbp4MaiVi4pAm0O2WHVRQSbznWCKjuB+EwUE2Eh5XrPwEeUa4A==",
      "dependencies": {
        "hi-base32": "^0.5.0"
      }
    },
    "node_modules/bowser": {
      "version": "2.11.0",
      "resolved": "https://registry.npmjs.org/bowser/-/bowser-2.11.0.tgz",
      "integrity": "sha512-AlcaJBi/pqqJBIQ8U9Mcpc9i8Aqxn88Skv5d+xBX006BY5u8N3mGLHa5Lgppa7L/HfwgwLgZ6NYs+Ag6uUmJRA=="
    },
    "node_modules/hi-base32": {
      "version": "0.5.1",
      "resolved": "https://registry.npmjs.org/hi-base32/-/hi-base32-0.5.1.tgz",
      "integrity": "sha512-EmBBpvdYh/4XxsnUybsPag6VikPYnN30td+vQk+GI3qpahVEG9+gTkG0aXVxTjBqQ5T6ijbWIu77O+C5WFWsnA=="
    }
  }
}
